
Microsoft Visual Studio Solution File, Format Version 12.00
# Visual Studio Version 16
VisualStudioVersion = 16.0.30804.86
MinimumVisualStudioVersion = 10.0.40219.1
Project("{FAE04EC0-301F-11D3-BF4B-00C04F79EFBC}") = "BlogWebApi", "BlogWebApi\BlogWebApi.csproj", "{B5CC9936-15D6-4E0E-940D-08535E346F05}"
EndProject
Project("{FAE04EC0-301F-11D3-BF4B-00C04F79EFBC}") = "Blog.DataBase", "Blog.DataBase\Blog.DataBase.csproj", "{CCF65351-2764-4242-B15E-0DFAB81AA470}"
EndProject
Global
	GlobalSection(SolutionConfigurationPlatforms) = preSolution
		Debug|Any CPU = Debug|Any CPU
		Release|Any CPU = Release|Any CPU
	EndGlobalSection
	GlobalSection(ProjectConfigurationPlatforms) = postSolution
		{B5CC9936-15D6-4E0E-940D-08535E346F05}.Debug|Any CPU.ActiveCfg = Debug|Any CPU
		{B5CC9936-15D6-4E0E-940D-08535E346F05}.Debug|Any CPU.Build.0 = Debug|Any CPU
		{B5CC9936-15D6-4E0E-940D-08535E346F05}.Release|Any CPU.ActiveCfg = Release|Any CPU
		{B5CC9936-15D6-4E0E-940D-08535E346F05}.Release|Any CPU.Build.0 = Release|Any CPU
		{CCF65351-2764-4242-B15E-0DFAB81AA470}.Debug|Any CPU.ActiveCfg = Debug|Any CPU
		{CCF65351-2764-4242-B15E-0DFAB81AA470}.Debug|Any CPU.Build.0 = Debug|Any CPU
		{CCF65351-2764-4242-B15E-0DFAB81AA470}.Release|Any CPU.ActiveCfg = Release|Any CPU
		{CCF65351-2764-4242-B15E-0DFAB81AA470}.Release|Any CPU.Build.0 = Release|Any CPU
	EndGlobalSection
	GlobalSection(SolutionProperties) = preSolution
		HideSolutionNode = FALSE
	EndGlobalSection
	GlobalSection(ExtensibilityGlobals) = postSolution
		SolutionGuid = {840EF3D6-55B7-4B96-9482-42DA65D763D6}
	EndGlobalSection
EndGlobal
